
Microsoft Visual Studio Solution File, Format Version 12.00
# Visual Studio 15
VisualStudioVersion = 15.0.27004.2010
MinimumVisualStudioVersion = 10.0.40219.1
Project("{FAE04EC0-301F-11D3-BF4B-00C04F79EFBC}") = "AgeroGraphDatabaseDemo", "AgeroGraphDatabaseDemo\AgeroGraphDatabaseDemo.csproj", "{DAE8DD9F-F261-408C-8340-980755C20BFA}"
EndProject
Project("{FAE04EC0-301F-11D3-BF4B-00C04F79EFBC}") = "AgeroGraphDatabaseDemo.Requirements", "AgeroGraphDatabaseDemo.Requirements\AgeroGraphDatabaseDemo.Requirements.csproj", "{F23B71EB-F5DD-4D63-983E-4F482771F54B}"
EndProject
Global
	GlobalSection(SolutionConfigurationPlatforms) = preSolution
		Debug|Any CPU = Debug|Any CPU
		Release|Any CPU = Release|Any CPU
	EndGlobalSection
	GlobalSection(ProjectConfigurationPlatforms) = postSolution
		{DAE8DD9F-F261-408C-8340-980755C20BFA}.Debug|Any CPU.ActiveCfg = Debug|Any CPU
		{DAE8DD9F-F261-408C-8340-980755C20BFA}.Debug|Any CPU.Build.0 = Debug|Any CPU
		{DAE8DD9F-F261-408C-8340-980755C20BFA}.Release|Any CPU.ActiveCfg = Release|Any CPU
		{DAE8DD9F-F261-408C-8340-980755C20BFA}.Release|Any CPU.Build.0 = Release|Any CPU
		{F23B71EB-F5DD-4D63-983E-4F482771F54B}.Debug|Any CPU.ActiveCfg = Debug|Any CPU
		{F23B71EB-F5DD-4D63-983E-4F482771F54B}.Debug|Any CPU.Build.0 = Debug|Any CPU
		{F23B71EB-F5DD-4D63-983E-4F482771F54B}.Release|Any CPU.ActiveCfg = Release|Any CPU
		{F23B71EB-F5DD-4D63-983E-4F482771F54B}.Release|Any CPU.Build.0 = Release|Any CPU
	EndGlobalSection
	GlobalSection(SolutionProperties) = preSolution
		HideSolutionNode = FALSE
	EndGlobalSection
	GlobalSection(ExtensibilityGlobals) = postSolution
		SolutionGuid = {06399C23-5DB1-4703-8300-B51F2F0EFF8D}
	EndGlobalSection
EndGlobal
